
Microsoft Visual Studio Solution File, Format Version 12.00
# Visual Studio Version 17
VisualStudioVersion = 17.13.35931.197
MinimumVisualStudioVersion = 10.0.40219.1
Project("{00D1A9C2-B5F0-4AF3-8072-F6C62B433612}") = "ChinookOLTP", "ChinookOLTP\ChinookOLTP.sqlproj", "{3D6FDA55-C08A-48E5-A62D-DDEB693DF45F}"
EndProject
Project("{2150E333-8FDC-42A3-9474-1A3956D46DE8}") = "Elementos de la solución", "Elementos de la solución", "{D107F4C8-89CC-BEA8-D3D7-CA6B7733353D}"
	ProjectSection(SolutionItems) = preProject
		README.md = README.md
		Reportes.txt = Reportes.txt
	EndProjectSection
EndProject
Project("{00D1A9C2-B5F0-4AF3-8072-F6C62B433612}") = "ChinookDW", "ChinookDW\ChinookDW.sqlproj", "{847C723A-8DE9-481C-855C-4C78E8747E9C}"
EndProject
Project("{C9674DCB-5085-4A16-B785-4C70DD1589BD}") = "ChinookETL", "ChinookETL\ChinookETL.dtproj", "{2A18165E-5AF5-4121-8F52-CE37B0AB5C9C}"
EndProject
Project("{F14B399A-7131-4C87-9E4B-1186C45EF12D}") = "ChinookREPORT", "ChinookREPORT\ChinookREPORT.rptproj", "{7913093E-6DF8-2A5D-B383-74F2020EBBA7}"
EndProject
Project("{6870E480-7721-4708-BFB8-9AE898AA21B3}") = "ChinookOLAP", "ChinookOLAP\ChinookOLAP.smproj", "{8CE414BB-95B2-4C99-9E03-51BA72086E22}"
EndProject
Global
	GlobalSection(SolutionConfigurationPlatforms) = preSolution
		Debug|Any CPU = Debug|Any CPU
		Debug|x86 = Debug|x86
		DebugLocal|Any CPU = DebugLocal|Any CPU
		DebugLocal|x86 = DebugLocal|x86
		Development|Any CPU = Development|Any CPU
		Development|x86 = Development|x86
		Release|Any CPU = Release|Any CPU
		Release|x86 = Release|x86
	EndGlobalSection
	GlobalSection(ProjectConfigurationPlatforms) = postSolution
		{3D6FDA55-C08A-48E5-A62D-DDEB693DF45F}.Debug|Any CPU.ActiveCfg = Debug|Any CPU
		{3D6FDA55-C08A-48E5-A62D-DDEB693DF45F}.Debug|Any CPU.Build.0 = Debug|Any CPU
		{3D6FDA55-C08A-48E5-A62D-DDEB693DF45F}.Debug|Any CPU.Deploy.0 = Debug|Any CPU
		{3D6FDA55-C08A-48E5-A62D-DDEB693DF45F}.Debug|x86.ActiveCfg = Debug|Any CPU
		{3D6FDA55-C08A-48E5-A62D-DDEB693DF45F}.Debug|x86.Build.0 = Debug|Any CPU
		{3D6FDA55-C08A-48E5-A62D-DDEB693DF45F}.Debug|x86.Deploy.0 = Debug|Any CPU
		{3D6FDA55-C08A-48E5-A62D-DDEB693DF45F}.DebugLocal|Any CPU.ActiveCfg = Debug|Any CPU
		{3D6FDA55-C08A-48E5-A62D-DDEB693DF45F}.DebugLocal|Any CPU.Build.0 = Debug|Any CPU
		{3D6FDA55-C08A-48E5-A62D-DDEB693DF45F}.DebugLocal|Any CPU.Deploy.0 = Debug|Any CPU
		{3D6FDA55-C08A-48E5-A62D-DDEB693DF45F}.DebugLocal|x86.ActiveCfg = Debug|Any CPU
		{3D6FDA55-C08A-48E5-A62D-DDEB693DF45F}.DebugLocal|x86.Build.0 = Debug|Any CPU
		{3D6FDA55-C08A-48E5-A62D-DDEB693DF45F}.DebugLocal|x86.Deploy.0 = Debug|Any CPU
		{3D6FDA55-C08A-48E5-A62D-DDEB693DF45F}.Development|Any CPU.ActiveCfg = Release|Any CPU
		{3D6FDA55-C08A-48E5-A62D-DDEB693DF45F}.Development|Any CPU.Build.0 = Release|Any CPU
		{3D6FDA55-C08A-48E5-A62D-DDEB693DF45F}.Development|Any CPU.Deploy.0 = Release|Any CPU
		{3D6FDA55-C08A-48E5-A62D-DDEB693DF45F}.Development|x86.ActiveCfg = Release|Any CPU
		{3D6FDA55-C08A-48E5-A62D-DDEB693DF45F}.Development|x86.Build.0 = Release|Any CPU
		{3D6FDA55-C08A-48E5-A62D-DDEB693DF45F}.Development|x86.Deploy.0 = Release|Any CPU
		{3D6FDA55-C08A-48E5-A62D-DDEB693DF45F}.Release|Any CPU.ActiveCfg = Release|Any CPU
		{3D6FDA55-C08A-48E5-A62D-DDEB693DF45F}.Release|Any CPU.Build.0 = Release|Any CPU
		{3D6FDA55-C08A-48E5-A62D-DDEB693DF45F}.Release|Any CPU.Deploy.0 = Release|Any CPU
		{3D6FDA55-C08A-48E5-A62D-DDEB693DF45F}.Release|x86.ActiveCfg = Release|Any CPU
		{3D6FDA55-C08A-48E5-A62D-DDEB693DF45F}.Release|x86.Build.0 = Release|Any CPU
		{3D6FDA55-C08A-48E5-A62D-DDEB693DF45F}.Release|x86.Deploy.0 = Release|Any CPU
		{847C723A-8DE9-481C-855C-4C78E8747E9C}.Debug|Any CPU.ActiveCfg = Debug|Any CPU
		{847C723A-8DE9-481C-855C-4C78E8747E9C}.Debug|Any CPU.Build.0 = Debug|Any CPU
		{847C723A-8DE9-481C-855C-4C78E8747E9C}.Debug|Any CPU.Deploy.0 = Debug|Any CPU
		{847C723A-8DE9-481C-855C-4C78E8747E9C}.Debug|x86.ActiveCfg = Debug|Any CPU
		{847C723A-8DE9-481C-855C-4C78E8747E9C}.Debug|x86.Build.0 = Debug|Any CPU
		{847C723A-8DE9-481C-855C-4C78E8747E9C}.Debug|x86.Deploy.0 = Debug|Any CPU
		{847C723A-8DE9-481C-855C-4C78E8747E9C}.DebugLocal|Any CPU.ActiveCfg = Debug|Any CPU
		{847C723A-8DE9-481C-855C-4C78E8747E9C}.DebugLocal|Any CPU.Build.0 = Debug|Any CPU
		{847C723A-8DE9-481C-855C-4C78E8747E9C}.DebugLocal|Any CPU.Deploy.0 = Debug|Any CPU
		{847C723A-8DE9-481C-855C-4C78E8747E9C}.DebugLocal|x86.ActiveCfg = Debug|Any CPU
		{847C723A-8DE9-481C-855C-4C78E8747E9C}.DebugLocal|x86.Build.0 = Debug|Any CPU
		{847C723A-8DE9-481C-855C-4C78E8747E9C}.DebugLocal|x86.Deploy.0 = Debug|Any CPU
		{847C723A-8DE9-481C-855C-4C78E8747E9C}.Development|Any CPU.ActiveCfg = Release|Any CPU
		{847C723A-8DE9-481C-855C-4C78E8747E9C}.Development|Any CPU.Build.0 = Release|Any CPU
		{847C723A-8DE9-481C-855C-4C78E8747E9C}.Development|Any CPU.Deploy.0 = Release|Any CPU
		{847C723A-8DE9-481C-855C-4C78E8747E9C}.Development|x86.ActiveCfg = Release|Any CPU
		{847C723A-8DE9-481C-855C-4C78E8747E9C}.Development|x86.Build.0 = Release|Any CPU
		{847C723A-8DE9-481C-855C-4C78E8747E9C}.Development|x86.Deploy.0 = Release|Any CPU
		{847C723A-8DE9-481C-855C-4C78E8747E9C}.Release|Any CPU.ActiveCfg = Release|Any CPU
		{847C723A-8DE9-481C-855C-4C78E8747E9C}.Release|Any CPU.Build.0 = Release|Any CPU
		{847C723A-8DE9-481C-855C-4C78E8747E9C}.Release|Any CPU.Deploy.0 = Release|Any CPU
		{847C723A-8DE9-481C-855C-4C78E8747E9C}.Release|x86.ActiveCfg = Release|Any CPU
		{847C723A-8DE9-481C-855C-4C78E8747E9C}.Release|x86.Build.0 = Release|Any CPU
		{847C723A-8DE9-481C-855C-4C78E8747E9C}.Release|x86.Deploy.0 = Release|Any CPU
		{2A18165E-5AF5-4121-8F52-CE37B0AB5C9C}.Debug|Any CPU.ActiveCfg = Development
		{2A18165E-5AF5-4121-8F52-CE37B0AB5C9C}.Debug|Any CPU.Build.0 = Development
		{2A18165E-5AF5-4121-8F52-CE37B0AB5C9C}.Debug|x86.ActiveCfg = Development
		{2A18165E-5AF5-4121-8F52-CE37B0AB5C9C}.Debug|x86.Build.0 = Development
		{2A18165E-5AF5-4121-8F52-CE37B0AB5C9C}.DebugLocal|Any CPU.ActiveCfg = Development
		{2A18165E-5AF5-4121-8F52-CE37B0AB5C9C}.DebugLocal|Any CPU.Build.0 = Development
		{2A18165E-5AF5-4121-8F52-CE37B0AB5C9C}.DebugLocal|x86.ActiveCfg = Development
		{2A18165E-5AF5-4121-8F52-CE37B0AB5C9C}.DebugLocal|x86.Build.0 = Development
		{2A18165E-5AF5-4121-8F52-CE37B0AB5C9C}.Development|Any CPU.ActiveCfg = Development
		{2A18165E-5AF5-4121-8F52-CE37B0AB5C9C}.Development|Any CPU.Build.0 = Development
		{2A18165E-5AF5-4121-8F52-CE37B0AB5C9C}.Development|x86.ActiveCfg = Development
		{2A18165E-5AF5-4121-8F52-CE37B0AB5C9C}.Development|x86.Build.0 = Development
		{2A18165E-5AF5-4121-8F52-CE37B0AB5C9C}.Release|Any CPU.ActiveCfg = Development
		{2A18165E-5AF5-4121-8F52-CE37B0AB5C9C}.Release|Any CPU.Build.0 = Development
		{2A18165E-5AF5-4121-8F52-CE37B0AB5C9C}.Release|x86.ActiveCfg = Development
		{2A18165E-5AF5-4121-8F52-CE37B0AB5C9C}.Release|x86.Build.0 = Development
		{7913093E-6DF8-2A5D-B383-74F2020EBBA7}.Debug|Any CPU.ActiveCfg = Debug
		{7913093E-6DF8-2A5D-B383-74F2020EBBA7}.Debug|Any CPU.Build.0 = Debug
		{7913093E-6DF8-2A5D-B383-74F2020EBBA7}.Debug|Any CPU.Deploy.0 = Debug
		{7913093E-6DF8-2A5D-B383-74F2020EBBA7}.Debug|x86.ActiveCfg = Debug
		{7913093E-6DF8-2A5D-B383-74F2020EBBA7}.Debug|x86.Build.0 = Debug
		{7913093E-6DF8-2A5D-B383-74F2020EBBA7}.Debug|x86.Deploy.0 = Debug
		{7913093E-6DF8-2A5D-B383-74F2020EBBA7}.DebugLocal|Any CPU.ActiveCfg = DebugLocal
		{7913093E-6DF8-2A5D-B383-74F2020EBBA7}.DebugLocal|Any CPU.Build.0 = DebugLocal
		{7913093E-6DF8-2A5D-B383-74F2020EBBA7}.DebugLocal|x86.ActiveCfg = DebugLocal
		{7913093E-6DF8-2A5D-B383-74F2020EBBA7}.DebugLocal|x86.Build.0 = DebugLocal
		{7913093E-6DF8-2A5D-B383-74F2020EBBA7}.DebugLocal|x86.Deploy.0 = DebugLocal
		{7913093E-6DF8-2A5D-B383-74F2020EBBA7}.Development|Any CPU.ActiveCfg = Release
		{7913093E-6DF8-2A5D-B383-74F2020EBBA7}.Development|Any CPU.Build.0 = Release
		{7913093E-6DF8-2A5D-B383-74F2020EBBA7}.Development|Any CPU.Deploy.0 = Release
		{7913093E-6DF8-2A5D-B383-74F2020EBBA7}.Development|x86.ActiveCfg = 
		{7913093E-6DF8-2A5D-B383-74F2020EBBA7}.Development|x86.Build.0 = 
		{7913093E-6DF8-2A5D-B383-74F2020EBBA7}.Development|x86.Deploy.0 = 
		{7913093E-6DF8-2A5D-B383-74F2020EBBA7}.Release|Any CPU.ActiveCfg = Release
		{7913093E-6DF8-2A5D-B383-74F2020EBBA7}.Release|Any CPU.Build.0 = Release
		{7913093E-6DF8-2A5D-B383-74F2020EBBA7}.Release|Any CPU.Deploy.0 = Release
		{7913093E-6DF8-2A5D-B383-74F2020EBBA7}.Release|x86.ActiveCfg = Release
		{7913093E-6DF8-2A5D-B383-74F2020EBBA7}.Release|x86.Build.0 = Release
		{7913093E-6DF8-2A5D-B383-74F2020EBBA7}.Release|x86.Deploy.0 = Release
		{8CE414BB-95B2-4C99-9E03-51BA72086E22}.Debug|Any CPU.ActiveCfg = Development|x86
		{8CE414BB-95B2-4C99-9E03-51BA72086E22}.Debug|Any CPU.Build.0 = Development|x86
		{8CE414BB-95B2-4C99-9E03-51BA72086E22}.Debug|Any CPU.Deploy.0 = Development|x86
		{8CE414BB-95B2-4C99-9E03-51BA72086E22}.Debug|x86.ActiveCfg = Development|x86
		{8CE414BB-95B2-4C99-9E03-51BA72086E22}.Debug|x86.Build.0 = Development|x86
		{8CE414BB-95B2-4C99-9E03-51BA72086E22}.Debug|x86.Deploy.0 = Development|x86
		{8CE414BB-95B2-4C99-9E03-51BA72086E22}.DebugLocal|Any CPU.ActiveCfg = Development|x86
		{8CE414BB-95B2-4C99-9E03-51BA72086E22}.DebugLocal|Any CPU.Build.0 = Development|x86
		{8CE414BB-95B2-4C99-9E03-51BA72086E22}.DebugLocal|Any CPU.Deploy.0 = Development|x86
		{8CE414BB-95B2-4C99-9E03-51BA72086E22}.DebugLocal|x86.ActiveCfg = Development|x86
		{8CE414BB-95B2-4C99-9E03-51BA72086E22}.DebugLocal|x86.Build.0 = Development|x86
		{8CE414BB-95B2-4C99-9E03-51BA72086E22}.DebugLocal|x86.Deploy.0 = Development|x86
		{8CE414BB-95B2-4C99-9E03-51BA72086E22}.Development|Any CPU.ActiveCfg = Development|x86
		{8CE414BB-95B2-4C99-9E03-51BA72086E22}.Development|Any CPU.Build.0 = Development|x86
		{8CE414BB-95B2-4C99-9E03-51BA72086E22}.Development|Any CPU.Deploy.0 = Development|x86
		{8CE414BB-95B2-4C99-9E03-51BA72086E22}.Development|x86.ActiveCfg = Development|x86
		{8CE414BB-95B2-4C99-9E03-51BA72086E22}.Development|x86.Build.0 = Development|x86
		{8CE414BB-95B2-4C99-9E03-51BA72086E22}.Development|x86.Deploy.0 = Development|x86
		{8CE414BB-95B2-4C99-9E03-51BA72086E22}.Release|Any CPU.ActiveCfg = Development|x86
		{8CE414BB-95B2-4C99-9E03-51BA72086E22}.Release|Any CPU.Build.0 = Development|x86
		{8CE414BB-95B2-4C99-9E03-51BA72086E22}.Release|Any CPU.Deploy.0 = Development|x86
		{8CE414BB-95B2-4C99-9E03-51BA72086E22}.Release|x86.ActiveCfg = Development|x86
		{8CE414BB-95B2-4C99-9E03-51BA72086E22}.Release|x86.Build.0 = Development|x86
		{8CE414BB-95B2-4C99-9E03-51BA72086E22}.Release|x86.Deploy.0 = Development|x86
	EndGlobalSection
	GlobalSection(SolutionProperties) = preSolution
		HideSolutionNode = FALSE
	EndGlobalSection
	GlobalSection(ExtensibilityGlobals) = postSolution
		SolutionGuid = {57225E0F-87F2-44F1-A96F-DE36A79C9A93}
	EndGlobalSection
EndGlobal
